// !$*UTF8*$!
{
	archiveVersion = 1;
	classes = {
	};
	objectVersion = 46;
	objects = {

/* Begin PBXBuildFile section */
		57979553A97174C3F9AF0A86 /* Pods_RadialGauge_Tests.framework in Frameworks */ = {isa = PBXBuildFile; fileRef = D2BBE2F2D915BD1CFF2E2A86 /* Pods_RadialGauge_Tests.framework */; };
		607FACD61AFB9204008FA782 /* AppDelegate.swift in Sources */ = {isa = PBXBuildFile; fileRef = 607FACD51AFB9204008FA782 /* AppDelegate.swift */; };
		607FACDD1AFB9204008FA782 /* Images.xcassets in Resources */ = {isa = PBXBuildFile; fileRef = 607FACDC1AFB9204008FA782 /* Images.xcassets */; };
		607FACE01AFB9204008FA782 /* LaunchScreen.xib in Resources */ = {isa = PBXBuildFile; fileRef = 607FACDE1AFB9204008FA782 /* LaunchScreen.xib */; };
		607FACEC1AFB9204008FA782 /* Tests.swift in Sources */ = {isa = PBXBuildFile; fileRef = 607FACEB1AFB9204008FA782 /* Tests.swift */; };
		9D4632F76E6C9DC55317E297 /* Pods_RadialGauge_Example.framework in Frameworks */ = {isa = PBXBuildFile; fileRef = ADCEF68D9708E693BB9A725A /* Pods_RadialGauge_Example.framework */; };
		A54179E524B87B0000C49B83 /* HomeCell+Design.swift in Sources */ = {isa = PBXBuildFile; fileRef = A54179E324B87B0000C49B83 /* HomeCell+Design.swift */; };
		A54179E624B87B0000C49B83 /* HomeCell.swift in Sources */ = {isa = PBXBuildFile; fileRef = A54179E424B87B0000C49B83 /* HomeCell.swift */; };
		A54179EA24B87B0F00C49B83 /* HomeViewController.swift in Sources */ = {isa = PBXBuildFile; fileRef = A54179E724B87B0F00C49B83 /* HomeViewController.swift */; };
		A54179EB24B87B0F00C49B83 /* HomePresenter.swift in Sources */ = {isa = PBXBuildFile; fileRef = A54179E824B87B0F00C49B83 /* HomePresenter.swift */; };
		A54179EC24B87B0F00C49B83 /* HomeViewController+Design.swift in Sources */ = {isa = PBXBuildFile; fileRef = A54179E924B87B0F00C49B83 /* HomeViewController+Design.swift */; };
		A54179F124B87B1A00C49B83 /* RadialGaugeViewController+RadialGaugeDelegate.swift in Sources */ = {isa = PBXBuildFile; fileRef = A54179ED24B87B1A00C49B83 /* RadialGaugeViewController+RadialGaugeDelegate.swift */; };
		A54179F224B87B1A00C49B83 /* RadialGaugeViewController.swift in Sources */ = {isa = PBXBuildFile; fileRef = A54179EE24B87B1A00C49B83 /* RadialGaugeViewController.swift */; };
		A54179F324B87B1A00C49B83 /* RadialGaugeViewController+Design.swift in Sources */ = {isa = PBXBuildFile; fileRef = A54179EF24B87B1A00C49B83 /* RadialGaugeViewController+Design.swift */; };
		A54179F424B87B1A00C49B83 /* RadialGaugePresenter.swift in Sources */ = {isa = PBXBuildFile; fileRef = A54179F024B87B1A00C49B83 /* RadialGaugePresenter.swift */; };
		A54179F824B87BB200C49B83 /* AppCoordinator.swift in Sources */ = {isa = PBXBuildFile; fileRef = A54179F724B87BB200C49B83 /* AppCoordinator.swift */; };
		A54179FA24B87BD500C49B83 /* AppColors.swift in Sources */ = {isa = PBXBuildFile; fileRef = A54179F924B87BD500C49B83 /* AppColors.swift */; };
		A54179FD24B87C1800C49B83 /* RadialGaugeViewModel.swift in Sources */ = {isa = PBXBuildFile; fileRef = A54179FC24B87C1800C49B83 /* RadialGaugeViewModel.swift */; };
		A54179FF24B87C4400C49B83 /* UIView+Constraints.swift in Sources */ = {isa = PBXBuildFile; fileRef = A54179FE24B87C4400C49B83 /* UIView+Constraints.swift */; };
		A5417A0224B87C6200C49B83 /* Array+Extension.swift in Sources */ = {isa = PBXBuildFile; fileRef = A5417A0124B87C6200C49B83 /* Array+Extension.swift */; };
		A5417A0424B87C6D00C49B83 /* RadialGaugeConfigViewModel.swift in Sources */ = {isa = PBXBuildFile; fileRef = A5417A0324B87C6D00C49B83 /* RadialGaugeConfigViewModel.swift */; };
		A5417A0624B87C7400C49B83 /* AppLayout.swift in Sources */ = {isa = PBXBuildFile; fileRef = A5417A0524B87C7300C49B83 /* AppLayout.swift */; };
		A5417A0824B87C7B00C49B83 /* RadialGaugeThumbViiewModel.swift in Sources */ = {isa = PBXBuildFile; fileRef = A5417A0724B87C7B00C49B83 /* RadialGaugeThumbViiewModel.swift */; };
/* End PBXBuildFile section */

/* Begin PBXContainerItemProxy section */
		607FACE61AFB9204008FA782 /* PBXContainerItemProxy */ = {
			isa = PBXContainerItemProxy;
			containerPortal = 607FACC81AFB9204008FA782 /* Project object */;
			proxyType = 1;
			remoteGlobalIDString = 607FACCF1AFB9204008FA782;
			remoteInfo = RadialGauge;
		};
/* End PBXContainerItemProxy section */

/* Begin PBXFileReference section */
		2727F469184F262757FDFF82 /* Pods-RadialGauge_Tests.debug.xcconfig */ = {isa = PBXFileReference; includeInIndex = 1; lastKnownFileType = text.xcconfig; name = "Pods-RadialGauge_Tests.debug.xcconfig"; path = "Target Support Files/Pods-RadialGauge_Tests/Pods-RadialGauge_Tests.debug.xcconfig"; sourceTree = "<group>"; };
		563AF42EAAC963FA9983DFD6 /* Pods-RadialGauge_Example.release.xcconfig */ = {isa = PBXFileReference; includeInIndex = 1; lastKnownFileType = text.xcconfig; name = "Pods-RadialGauge_Example.release.xcconfig"; path = "Target Support Files/Pods-RadialGauge_Example/Pods-RadialGauge_Example.release.xcconfig"; sourceTree = "<group>"; };
		607FACD01AFB9204008FA782 /* RadialGauge_Example.app */ = {isa = PBXFileReference; explicitFileType = wrapper.application; includeInIndex = 0; path = RadialGauge_Example.app; sourceTree = BUILT_PRODUCTS_DIR; };
		607FACD41AFB9204008FA782 /* Info.plist */ = {isa = PBXFileReference; lastKnownFileType = text.plist.xml; path = Info.plist; sourceTree = "<group>"; };
		607FACD51AFB9204008FA782 /* AppDelegate.swift */ = {isa = PBXFileReference; lastKnownFileType = sourcecode.swift; path = AppDelegate.swift; sourceTree = "<group>"; };
		607FACDC1AFB9204008FA782 /* Images.xcassets */ = {isa = PBXFileReference; lastKnownFileType = folder.assetcatalog; path = Images.xcassets; sourceTree = "<group>"; };
		607FACDF1AFB9204008FA782 /* Base */ = {isa = PBXFileReference; lastKnownFileType = file.xib; name = Base; path = Base.lproj/LaunchScreen.xib; sourceTree = "<group>"; };
		607FACE51AFB9204008FA782 /* RadialGauge_Tests.xctest */ = {isa = PBXFileReference; explicitFileType = wrapper.cfbundle; includeInIndex = 0; path = RadialGauge_Tests.xctest; sourceTree = BUILT_PRODUCTS_DIR; };
		607FACEA1AFB9204008FA782 /* Info.plist */ = {isa = PBXFileReference; lastKnownFileType = text.plist.xml; path = Info.plist; sourceTree = "<group>"; };
		607FACEB1AFB9204008FA782 /* Tests.swift */ = {isa = PBXFileReference; lastKnownFileType = sourcecode.swift; path = Tests.swift; sourceTree = "<group>"; };
		7AC020031D10B6D8766B753F /* Pods-RadialGauge_Tests.release.xcconfig */ = {isa = PBXFileReference; includeInIndex = 1; lastKnownFileType = text.xcconfig; name = "Pods-RadialGauge_Tests.release.xcconfig"; path = "Target Support Files/Pods-RadialGauge_Tests/Pods-RadialGauge_Tests.release.xcconfig"; sourceTree = "<group>"; };
		826E988E9955376AF73546EC /* Pods-RadialGauge_Example.debug.xcconfig */ = {isa = PBXFileReference; includeInIndex = 1; lastKnownFileType = text.xcconfig; name = "Pods-RadialGauge_Example.debug.xcconfig"; path = "Target Support Files/Pods-RadialGauge_Example/Pods-RadialGauge_Example.debug.xcconfig"; sourceTree = "<group>"; };
		A4ECCC9FFF9E9FFB4DB75A07 /* LICENSE */ = {isa = PBXFileReference; includeInIndex = 1; lastKnownFileType = text; name = LICENSE; path = ../LICENSE; sourceTree = "<group>"; };
		A54179E324B87B0000C49B83 /* HomeCell+Design.swift */ = {isa = PBXFileReference; fileEncoding = 4; lastKnownFileType = sourcecode.swift; path = "HomeCell+Design.swift"; sourceTree = "<group>"; };
		A54179E424B87B0000C49B83 /* HomeCell.swift */ = {isa = PBXFileReference; fileEncoding = 4; lastKnownFileType = sourcecode.swift; path = HomeCell.swift; sourceTree = "<group>"; };
		A54179E724B87B0F00C49B83 /* HomeViewController.swift */ = {isa = PBXFileReference; fileEncoding = 4; lastKnownFileType = sourcecode.swift; path = HomeViewController.swift; sourceTree = "<group>"; };
		A54179E824B87B0F00C49B83 /* HomePresenter.swift */ = {isa = PBXFileReference; fileEncoding = 4; lastKnownFileType = sourcecode.swift; path = HomePresenter.swift; sourceTree = "<group>"; };
		A54179E924B87B0F00C49B83 /* HomeViewController+Design.swift */ = {isa = PBXFileReference; fileEncoding = 4; lastKnownFileType = sourcecode.swift; path = "HomeViewController+Design.swift"; sourceTree = "<group>"; };
		A54179ED24B87B1A00C49B83 /* RadialGaugeViewController+RadialGaugeDelegate.swift */ = {isa = PBXFileReference; fileEncoding = 4; lastKnownFileType = sourcecode.swift; path = "RadialGaugeViewController+RadialGaugeDelegate.swift"; sourceTree = "<group>"; };
		A54179EE24B87B1A00C49B83 /* RadialGaugeViewController.swift */ = {isa = PBXFileReference; fileEncoding = 4; lastKnownFileType = sourcecode.swift; path = RadialGaugeViewController.swift; sourceTree = "<group>"; };
		A54179EF24B87B1A00C49B83 /* RadialGaugeViewController+Design.swift */ = {isa = PBXFileReference; fileEncoding = 4; lastKnownFileType = sourcecode.swift; path = "RadialGaugeViewController+Design.swift"; sourceTree = "<group>"; };
		A54179F024B87B1A00C49B83 /* RadialGaugePresenter.swift */ = {isa = PBXFileReference; fileEncoding = 4; lastKnownFileType = sourcecode.swift; path = RadialGaugePresenter.swift; sourceTree = "<group>"; };
		A54179F724B87BB200C49B83 /* AppCoordinator.swift */ = {isa = PBXFileReference; fileEncoding = 4; lastKnownFileType = sourcecode.swift; path = AppCoordinator.swift; sourceTree = "<group>"; };
		A54179F924B87BD500C49B83 /* AppColors.swift */ = {isa = PBXFileReference; lastKnownFileType = sourcecode.swift; path = AppColors.swift; sourceTree = "<group>"; };
		A54179FC24B87C1800C49B83 /* RadialGaugeViewModel.swift */ = {isa = PBXFileReference; fileEncoding = 4; lastKnownFileType = sourcecode.swift; path = RadialGaugeViewModel.swift; sourceTree = "<group>"; };
		A54179FE24B87C4400C49B83 /* UIView+Constraints.swift */ = {isa = PBXFileReference; fileEncoding = 4; lastKnownFileType = sourcecode.swift; path = "UIView+Constraints.swift"; sourceTree = "<group>"; };
		A5417A0124B87C6200C49B83 /* Array+Extension.swift */ = {isa = PBXFileReference; lastKnownFileType = sourcecode.swift; path = "Array+Extension.swift"; sourceTree = "<group>"; };
		A5417A0324B87C6D00C49B83 /* RadialGaugeConfigViewModel.swift */ = {isa = PBXFileReference; fileEncoding = 4; lastKnownFileType = sourcecode.swift; path = RadialGaugeConfigViewModel.swift; sourceTree = "<group>"; };
		A5417A0524B87C7300C49B83 /* AppLayout.swift */ = {isa = PBXFileReference; fileEncoding = 4; lastKnownFileType = sourcecode.swift; path = AppLayout.swift; sourceTree = "<group>"; };
		A5417A0724B87C7B00C49B83 /* RadialGaugeThumbViiewModel.swift */ = {isa = PBXFileReference; fileEncoding = 4; lastKnownFileType = sourcecode.swift; path = RadialGaugeThumbViiewModel.swift; sourceTree = "<group>"; };
		A749A0F13AD12590AF9C9653 /* RadialGauge.podspec */ = {isa = PBXFileReference; includeInIndex = 1; lastKnownFileType = text; name = RadialGauge.podspec; path = ../RadialGauge.podspec; sourceTree = "<group>"; xcLanguageSpecificationIdentifier = xcode.lang.ruby; };
		ADCEF68D9708E693BB9A725A /* Pods_RadialGauge_Example.framework */ = {isa = PBXFileReference; explicitFileType = wrapper.framework; includeInIndex = 0; path = Pods_RadialGauge_Example.framework; sourceTree = BUILT_PRODUCTS_DIR; };
		D2BBE2F2D915BD1CFF2E2A86 /* Pods_RadialGauge_Tests.framework */ = {isa = PBXFileReference; explicitFileType = wrapper.framework; includeInIndex = 0; path = Pods_RadialGauge_Tests.framework; sourceTree = BUILT_PRODUCTS_DIR; };
		EFBAEC88514A3435C4209214 /* README.md */ = {isa = PBXFileReference; includeInIndex = 1; lastKnownFileType = net.daringfireball.markdown; name = README.md; path = ../README.md; sourceTree = "<group>"; };
/* End PBXFileReference section */

/* Begin PBXFrameworksBuildPhase section */
		607FACCD1AFB9204008FA782 /* Frameworks */ = {
			isa = PBXFrameworksBuildPhase;
			buildActionMask = 2147483647;
			files = (
				9D4632F76E6C9DC55317E297 /* Pods_RadialGauge_Example.framework in Frameworks */,
			);
			runOnlyForDeploymentPostprocessing = 0;
		};
		607FACE21AFB9204008FA782 /* Frameworks */ = {
			isa = PBXFrameworksBuildPhase;
			buildActionMask = 2147483647;
			files = (
				57979553A97174C3F9AF0A86 /* Pods_RadialGauge_Tests.framework in Frameworks */,
			);
			runOnlyForDeploymentPostprocessing = 0;
		};
/* End PBXFrameworksBuildPhase section */

/* Begin PBXGroup section */
		5693F10656B01B675BA806F6 /* Pods */ = {
			isa = PBXGroup;
			children = (
				826E988E9955376AF73546EC /* Pods-RadialGauge_Example.debug.xcconfig */,
				563AF42EAAC963FA9983DFD6 /* Pods-RadialGauge_Example.release.xcconfig */,
				2727F469184F262757FDFF82 /* Pods-RadialGauge_Tests.debug.xcconfig */,
				7AC020031D10B6D8766B753F /* Pods-RadialGauge_Tests.release.xcconfig */,
			);
			path = Pods;
			sourceTree = "<group>";
		};
		607FACC71AFB9204008FA782 = {
			isa = PBXGroup;
			children = (
				607FACF51AFB993E008FA782 /* Podspec Metadata */,
				607FACD21AFB9204008FA782 /* Example for RadialGauge */,
				607FACE81AFB9204008FA782 /* Tests */,
				607FACD11AFB9204008FA782 /* Products */,
				5693F10656B01B675BA806F6 /* Pods */,
				E4340C9EACABA69A68790D64 /* Frameworks */,
			);
			sourceTree = "<group>";
		};
		607FACD11AFB9204008FA782 /* Products */ = {
			isa = PBXGroup;
			children = (
				607FACD01AFB9204008FA782 /* RadialGauge_Example.app */,
				607FACE51AFB9204008FA782 /* RadialGauge_Tests.xctest */,
			);
			name = Products;
			sourceTree = "<group>";
		};
		607FACD21AFB9204008FA782 /* Example for RadialGauge */ = {
			isa = PBXGroup;
			children = (
				A54179F524B87B4700C49B83 /* App */,
				A54179F624B87B4D00C49B83 /* Core */,
				A54179DF24B87AD200C49B83 /* Features */,
				607FACDC1AFB9204008FA782 /* Images.xcassets */,
				607FACDE1AFB9204008FA782 /* LaunchScreen.xib */,
				607FACD31AFB9204008FA782 /* Supporting Files */,
			);
			name = "Example for RadialGauge";
			path = RadialGauge;
			sourceTree = "<group>";
		};
		607FACD31AFB9204008FA782 /* Supporting Files */ = {
			isa = PBXGroup;
			children = (
				607FACD41AFB9204008FA782 /* Info.plist */,
			);
			name = "Supporting Files";
			sourceTree = "<group>";
		};
		607FACE81AFB9204008FA782 /* Tests */ = {
			isa = PBXGroup;
			children = (
				607FACEB1AFB9204008FA782 /* Tests.swift */,
				607FACE91AFB9204008FA782 /* Supporting Files */,
			);
			path = Tests;
			sourceTree = "<group>";
		};
		607FACE91AFB9204008FA782 /* Supporting Files */ = {
			isa = PBXGroup;
			children = (
				607FACEA1AFB9204008FA782 /* Info.plist */,
			);
			name = "Supporting Files";
			sourceTree = "<group>";
		};
		607FACF51AFB993E008FA782 /* Podspec Metadata */ = {
			isa = PBXGroup;
			children = (
				A749A0F13AD12590AF9C9653 /* RadialGauge.podspec */,
				EFBAEC88514A3435C4209214 /* README.md */,
				A4ECCC9FFF9E9FFB4DB75A07 /* LICENSE */,
			);
			name = "Podspec Metadata";
			sourceTree = "<group>";
		};
		A54179DF24B87AD200C49B83 /* Features */ = {
			isa = PBXGroup;
			children = (
				A5417A0924B87C7E00C49B83 /* ViewModels */,
				A54179E024B87AEA00C49B83 /* Home */,
				A54179E124B87AEE00C49B83 /* RadialGauge */,
			);
			name = Features;
			sourceTree = "<group>";
		};
		A54179E024B87AEA00C49B83 /* Home */ = {
			isa = PBXGroup;
			children = (
				A54179E224B87AF700C49B83 /* Cell */,
				A54179E824B87B0F00C49B83 /* HomePresenter.swift */,
				A54179E724B87B0F00C49B83 /* HomeViewController.swift */,
				A54179E924B87B0F00C49B83 /* HomeViewController+Design.swift */,
			);
			name = Home;
			sourceTree = "<group>";
		};
		A54179E124B87AEE00C49B83 /* RadialGauge */ = {
			isa = PBXGroup;
			children = (
				A54179F024B87B1A00C49B83 /* RadialGaugePresenter.swift */,
				A54179EE24B87B1A00C49B83 /* RadialGaugeViewController.swift */,
				A54179EF24B87B1A00C49B83 /* RadialGaugeViewController+Design.swift */,
				A54179ED24B87B1A00C49B83 /* RadialGaugeViewController+RadialGaugeDelegate.swift */,
			);
			name = RadialGauge;
			sourceTree = "<group>";
		};
		A54179E224B87AF700C49B83 /* Cell */ = {
			isa = PBXGroup;
			children = (
				A54179E424B87B0000C49B83 /* HomeCell.swift */,
				A54179E324B87B0000C49B83 /* HomeCell+Design.swift */,
			);
			name = Cell;
			sourceTree = "<group>";
		};
		A54179F524B87B4700C49B83 /* App */ = {
			isa = PBXGroup;
			children = (
				A54179F724B87BB200C49B83 /* AppCoordinator.swift */,
				A5417A0524B87C7300C49B83 /* AppLayout.swift */,
				607FACD51AFB9204008FA782 /* AppDelegate.swift */,
				A54179F924B87BD500C49B83 /* AppColors.swift */,
			);
			name = App;
			sourceTree = "<group>";
		};
		A54179F624B87B4D00C49B83 /* Core */ = {
			isa = PBXGroup;
			children = (
				A5417A0024B87C5300C49B83 /* FoundationExtensions */,
				A54179FB24B87BF800C49B83 /* UIExtensions */,
			);
			name = Core;
			sourceTree = "<group>";
		};
		A54179FB24B87BF800C49B83 /* UIExtensions */ = {
			isa = PBXGroup;
			children = (
				A54179FE24B87C4400C49B83 /* UIView+Constraints.swift */,
			);
			name = UIExtensions;
			sourceTree = "<group>";
		};
		A5417A0024B87C5300C49B83 /* FoundationExtensions */ = {
			isa = PBXGroup;
			children = (
				A5417A0124B87C6200C49B83 /* Array+Extension.swift */,
			);
			name = FoundationExtensions;
			sourceTree = "<group>";
		};
		A5417A0924B87C7E00C49B83 /* ViewModels */ = {
			isa = PBXGroup;
			children = (
				A5417A0724B87C7B00C49B83 /* RadialGaugeThumbViiewModel.swift */,
				A5417A0324B87C6D00C49B83 /* RadialGaugeConfigViewModel.swift */,
				A54179FC24B87C1800C49B83 /* RadialGaugeViewModel.swift */,
			);
			name = ViewModels;
			sourceTree = "<group>";
		};
		E4340C9EACABA69A68790D64 /* Frameworks */ = {
			isa = PBXGroup;
			children = (
				ADCEF68D9708E693BB9A725A /* Pods_RadialGauge_Example.framework */,
				D2BBE2F2D915BD1CFF2E2A86 /* Pods_RadialGauge_Tests.framework */,
			);
			name = Frameworks;
			sourceTree = "<group>";
		};
/* End PBXGroup section */

/* Begin PBXNativeTarget section */
		607FACCF1AFB9204008FA782 /* RadialGauge_Example */ = {
			isa = PBXNativeTarget;
			buildConfigurationList = 607FACEF1AFB9204008FA782 /* Build configuration list for PBXNativeTarget "RadialGauge_Example" */;
			buildPhases = (
				26BA7F55B9BD1FB7ABD0676F /* [CP] Check Pods Manifest.lock */,
				607FACCC1AFB9204008FA782 /* Sources */,
				607FACCD1AFB9204008FA782 /* Frameworks */,
				607FACCE1AFB9204008FA782 /* Resources */,
				10A548E842D9B19D3868BB34 /* [CP] Embed Pods Frameworks */,
			);
			buildRules = (
			);
			dependencies = (
			);
			name = RadialGauge_Example;
			productName = RadialGauge;
			productReference = 607FACD01AFB9204008FA782 /* RadialGauge_Example.app */;
			productType = "com.apple.product-type.application";
		};
		607FACE41AFB9204008FA782 /* RadialGauge_Tests */ = {
			isa = PBXNativeTarget;
			buildConfigurationList = 607FACF21AFB9204008FA782 /* Build configuration list for PBXNativeTarget "RadialGauge_Tests" */;
			buildPhases = (
				F3AD222E7EFFF6B4403F782B /* [CP] Check Pods Manifest.lock */,
				607FACE11AFB9204008FA782 /* Sources */,
				607FACE21AFB9204008FA782 /* Frameworks */,
				607FACE31AFB9204008FA782 /* Resources */,
			);
			buildRules = (
			);
			dependencies = (
				607FACE71AFB9204008FA782 /* PBXTargetDependency */,
			);
			name = RadialGauge_Tests;
			productName = Tests;
			productReference = 607FACE51AFB9204008FA782 /* RadialGauge_Tests.xctest */;
			productType = "com.apple.product-type.bundle.unit-test";
		};
/* End PBXNativeTarget section */

/* Begin PBXProject section */
		607FACC81AFB9204008FA782 /* Project object */ = {
			isa = PBXProject;
			attributes = {
				LastSwiftUpdateCheck = 0830;
				LastUpgradeCheck = 0830;
				ORGANIZATIONNAME = CocoaPods;
				TargetAttributes = {
					607FACCF1AFB9204008FA782 = {
						CreatedOnToolsVersion = 6.3.1;
						LastSwiftMigration = 0900;
					};
					607FACE41AFB9204008FA782 = {
						CreatedOnToolsVersion = 6.3.1;
						LastSwiftMigration = 0900;
						TestTargetID = 607FACCF1AFB9204008FA782;
					};
				};
			};
			buildConfigurationList = 607FACCB1AFB9204008FA782 /* Build configuration list for PBXProject "RadialGauge" */;
			compatibilityVersion = "Xcode 3.2";
			developmentRegion = English;
			hasScannedForEncodings = 0;
			knownRegions = (
				English,
				en,
				Base,
			);
			mainGroup = 607FACC71AFB9204008FA782;
			productRefGroup = 607FACD11AFB9204008FA782 /* Products */;
			projectDirPath = "";
			projectRoot = "";
			targets = (
				607FACCF1AFB9204008FA782 /* RadialGauge_Example */,
				607FACE41AFB9204008FA782 /* RadialGauge_Tests */,
			);
		};
/* End PBXProject section */

/* Begin PBXResourcesBuildPhase section */
		607FACCE1AFB9204008FA782 /* Resources */ = {
			isa = PBXResourcesBuildPhase;
			buildActionMask = 2147483647;
			files = (
				607FACE01AFB9204008FA782 /* LaunchScreen.xib in Resources */,
				607FACDD1AFB9204008FA782 /* Images.xcassets in Resources */,
			);
			runOnlyForDeploymentPostprocessing = 0;
		};
		607FACE31AFB9204008FA782 /* Resources */ = {
			isa = PBXResourcesBuildPhase;
			buildActionMask = 2147483647;
			files = (
			);
			runOnlyForDeploymentPostprocessing = 0;
		};
/* End PBXResourcesBuildPhase section */

/* Begin PBXShellScriptBuildPhase section */
		10A548E842D9B19D3868BB34 /* [CP] Embed Pods Frameworks */ = {
			isa = PBXShellScriptBuildPhase;
			buildActionMask = 2147483647;
			files = (
			);
			inputPaths = (
				"${PODS_ROOT}/Target Support Files/Pods-RadialGauge_Example/Pods-RadialGauge_Example-frameworks.sh",
				"${BUILT_PRODUCTS_DIR}/RadialGauge/RadialGauge.framework",
			);
			name = "[CP] Embed Pods Frameworks";
			outputPaths = (
				"${TARGET_BUILD_DIR}/${FRAMEWORKS_FOLDER_PATH}/RadialGauge.framework",
			);
			runOnlyForDeploymentPostprocessing = 0;
			shellPath = /bin/sh;
			shellScript = "\"${PODS_ROOT}/Target Support Files/Pods-RadialGauge_Example/Pods-RadialGauge_Example-frameworks.sh\"\n";
			showEnvVarsInLog = 0;
		};
		26BA7F55B9BD1FB7ABD0676F /* [CP] Check Pods Manifest.lock */ = {
			isa = PBXShellScriptBuildPhase;
			buildActionMask = 2147483647;
			files = (
			);
			inputFileListPaths = (
			);
			inputPaths = (
				"${PODS_PODFILE_DIR_PATH}/Podfile.lock",
				"${PODS_ROOT}/Manifest.lock",
			);
			name = "[CP] Check Pods Manifest.lock";
			outputFileListPaths = (
			);
			outputPaths = (
				"$(DERIVED_FILE_DIR)/Pods-RadialGauge_Example-checkManifestLockResult.txt",
			);
			runOnlyForDeploymentPostprocessing = 0;
			shellPath = /bin/sh;
			shellScript = "diff \"${PODS_PODFILE_DIR_PATH}/Podfile.lock\" \"${PODS_ROOT}/Manifest.lock\" > /dev/null\nif [ $? != 0 ] ; then\n    # print error to STDERR\n    echo \"error: The sandbox is not in sync with the Podfile.lock. Run 'pod install' or update your CocoaPods installation.\" >&2\n    exit 1\nfi\n# This output is used by Xcode 'outputs' to avoid re-running this script phase.\necho \"SUCCESS\" > \"${SCRIPT_OUTPUT_FILE_0}\"\n";
			showEnvVarsInLog = 0;
		};
		F3AD222E7EFFF6B4403F782B /* [CP] Check Pods Manifest.lock */ = {
			isa = PBXShellScriptBuildPhase;
			buildActionMask = 2147483647;
			files = (
			);
			inputFileListPaths = (
			);
			inputPaths = (
				"${PODS_PODFILE_DIR_PATH}/Podfile.lock",
				"${PODS_ROOT}/Manifest.lock",
			);
			name = "[CP] Check Pods Manifest.lock";
			outputFileListPaths = (
			);
			outputPaths = (
				"$(DERIVED_FILE_DIR)/Pods-RadialGauge_Tests-checkManifestLockResult.txt",
			);
			runOnlyForDeploymentPostprocessing = 0;
			shellPath = /bin/sh;
			shellScript = "diff \"${PODS_PODFILE_DIR_PATH}/Podfile.lock\" \"${PODS_ROOT}/Manifest.lock\" > /dev/null\nif [ $? != 0 ] ; then\n    # print error to STDERR\n    echo \"error: The sandbox is not in sync with the Podfile.lock. Run 'pod install' or update your CocoaPods installation.\" >&2\n    exit 1\nfi\n# This output is used by Xcode 'outputs' to avoid re-running this script phase.\necho \"SUCCESS\" > \"${SCRIPT_OUTPUT_FILE_0}\"\n";
			showEnvVarsInLog = 0;
		};
/* End PBXShellScriptBuildPhase section */

/* Begin PBXSourcesBuildPhase section */
		607FACCC1AFB9204008FA782 /* Sources */ = {
			isa = PBXSourcesBuildPhase;
			buildActionMask = 2147483647;
			files = (
				A54179F824B87BB200C49B83 /* AppCoordinator.swift in Sources */,
				A5417A0624B87C7400C49B83 /* AppLayout.swift in Sources */,
				A5417A0424B87C6D00C49B83 /* RadialGaugeConfigViewModel.swift in Sources */,
				A54179F224B87B1A00C49B83 /* RadialGaugeViewController.swift in Sources */,
				A54179EA24B87B0F00C49B83 /* HomeViewController.swift in Sources */,
				A54179FF24B87C4400C49B83 /* UIView+Constraints.swift in Sources */,
				A54179E524B87B0000C49B83 /* HomeCell+Design.swift in Sources */,
				A54179F324B87B1A00C49B83 /* RadialGaugeViewController+Design.swift in Sources */,
				A5417A0224B87C6200C49B83 /* Array+Extension.swift in Sources */,
				A54179EB24B87B0F00C49B83 /* HomePresenter.swift in Sources */,
				A54179FD24B87C1800C49B83 /* RadialGaugeViewModel.swift in Sources */,
				A54179F424B87B1A00C49B83 /* RadialGaugePresenter.swift in Sources */,
				A5417A0824B87C7B00C49B83 /* RadialGaugeThumbViiewModel.swift in Sources */,
				A54179E624B87B0000C49B83 /* HomeCell.swift in Sources */,
				607FACD61AFB9204008FA782 /* AppDelegate.swift in Sources */,
				A54179FA24B87BD500C49B83 /* AppColors.swift in Sources */,
				A54179EC24B87B0F00C49B83 /* HomeViewController+Design.swift in Sources */,
				A54179F124B87B1A00C49B83 /* RadialGaugeViewController+RadialGaugeDelegate.swift in Sources */,
			);
			runOnlyForDeploymentPostprocessing = 0;
		};
		607FACE11AFB9204008FA782 /* Sources */ = {
			isa = PBXSourcesBuildPhase;
			buildActionMask = 2147483647;
			files = (
				607FACEC1AFB9204008FA782 /* Tests.swift in Sources */,
			);
			runOnlyForDeploymentPostprocessing = 0;
		};
/* End PBXSourcesBuildPhase section */

/* Begin PBXTargetDependency section */
		607FACE71AFB9204008FA782 /* PBXTargetDependency */ = {
			isa = PBXTargetDependency;
			target = 607FACCF1AFB9204008FA782 /* RadialGauge_Example */;
			targetProxy = 607FACE61AFB9204008FA782 /* PBXContainerItemProxy */;
		};
/* End PBXTargetDependency section */

/* Begin PBXVariantGroup section */
		607FACDE1AFB9204008FA782 /* LaunchScreen.xib */ = {
			isa = PBXVariantGroup;
			children = (
				607FACDF1AFB9204008FA782 /* Base */,
			);
			name = LaunchScreen.xib;
			sourceTree = "<group>";
		};
/* End PBXVariantGroup section */

/* Begin XCBuildConfiguration section */
		607FACED1AFB9204008FA782 /* Debug */ = {
			isa = XCBuildConfiguration;
			buildSettings = {
				ALWAYS_SEARCH_USER_PATHS = NO;
				CLANG_CXX_LANGUAGE_STANDARD = "gnu++0x";
				CLANG_CXX_LIBRARY = "libc++";
				CLANG_ENABLE_MODULES = YES;
				CLANG_ENABLE_OBJC_ARC = YES;
				CLANG_WARN_BLOCK_CAPTURE_AUTORELEASING = YES;
				CLANG_WARN_BOOL_CONVERSION = YES;
				CLANG_WARN_COMMA = YES;
				CLANG_WARN_CONSTANT_CONVERSION = YES;
				CLANG_WARN_DIRECT_OBJC_ISA_USAGE = YES_ERROR;
				CLANG_WARN_EMPTY_BODY = YES;
				CLANG_WARN_ENUM_CONVERSION = YES;
				CLANG_WARN_INFINITE_RECURSION = YES;
				CLANG_WARN_INT_CONVERSION = YES;
				CLANG_WARN_NON_LITERAL_NULL_CONVERSION = YES;
				CLANG_WARN_OBJC_LITERAL_CONVERSION = YES;
				CLANG_WARN_OBJC_ROOT_CLASS = YES_ERROR;
				CLANG_WARN_RANGE_LOOP_ANALYSIS = YES;
				CLANG_WARN_STRICT_PROTOTYPES = YES;
				CLANG_WARN_SUSPICIOUS_MOVE = YES;
				CLANG_WARN_UNREACHABLE_CODE = YES;
				CLANG_WARN__DUPLICATE_METHOD_MATCH = YES;
				"CODE_SIGN_IDENTITY[sdk=iphoneos*]" = "iPhone Developer";
				COPY_PHASE_STRIP = NO;
				DEBUG_INFORMATION_FORMAT = "dwarf-with-dsym";
				ENABLE_STRICT_OBJC_MSGSEND = YES;
				ENABLE_TESTABILITY = YES;
				GCC_C_LANGUAGE_STANDARD = gnu99;
				GCC_DYNAMIC_NO_PIC = NO;
				GCC_NO_COMMON_BLOCKS = YES;
				GCC_OPTIMIZATION_LEVEL = 0;
				GCC_PREPROCESSOR_DEFINITIONS = (
					"DEBUG=1",
					"$(inherited)",
				);
				GCC_SYMBOLS_PRIVATE_EXTERN = NO;
				GCC_WARN_64_TO_32_BIT_CONVERSION = YES;
				GCC_WARN_ABOUT_RETURN_TYPE = YES_ERROR;
				GCC_WARN_UNDECLARED_SELECTOR = YES;
				GCC_WARN_UNINITIALIZED_AUTOS = YES_AGGRESSIVE;
				GCC_WARN_UNUSED_FUNCTION = YES;
				GCC_WARN_UNUSED_VARIABLE = YES;
				IPHONEOS_DEPLOYMENT_TARGET = 11.0;
				MTL_ENABLE_DEBUG_INFO = YES;
				ONLY_ACTIVE_ARCH = YES;
				SDKROOT = iphoneos;
				SWIFT_OPTIMIZATION_LEVEL = "-Onone";
			};
			name = Debug;
		};
		607FACEE1AFB9204008FA782 /* Release */ = {
			isa = XCBuildConfiguration;
			buildSettings = {
				ALWAYS_SEARCH_USER_PATHS = NO;
				CLANG_CXX_LANGUAGE_STANDARD = "gnu++0x";
				CLANG_CXX_LIBRARY = "libc++";
				CLANG_ENABLE_MODULES = YES;
				CLANG_ENABLE_OBJC_ARC = YES;
				CLANG_WARN_BLOCK_CAPTURE_AUTORELEASING = YES;
				CLANG_WARN_BOOL_CONVERSION = YES;
				CLANG_WARN_COMMA = YES;
				CLANG_WARN_CONSTANT_CONVERSION = YES;
				CLANG_WARN_DIRECT_OBJC_ISA_USAGE = YES_ERROR;
				CLANG_WARN_EMPTY_BODY = YES;
				CLANG_WARN_ENUM_CONVERSION = YES;
				CLANG_WARN_INFINITE_RECURSION = YES;
				CLANG_WARN_INT_CONVERSION = YES;
				CLANG_WARN_NON_LITERAL_NULL_CONVERSION = YES;
				CLANG_WARN_OBJC_LITERAL_CONVERSION = YES;
				CLANG_WARN_OBJC_ROOT_CLASS = YES_ERROR;
				CLANG_WARN_RANGE_LOOP_ANALYSIS = YES;
				CLANG_WARN_STRICT_PROTOTYPES = YES;
				CLANG_WARN_SUSPICIOUS_MOVE = YES;
				CLANG_WARN_UNREACHABLE_CODE = YES;
				CLANG_WARN__DUPLICATE_METHOD_MATCH = YES;
				"CODE_SIGN_IDENTITY[sdk=iphoneos*]" = "iPhone Developer";
				COPY_PHASE_STRIP = NO;
				DEBUG_INFORMATION_FORMAT = "dwarf-with-dsym";
				ENABLE_NS_ASSERTIONS = NO;
				ENABLE_STRICT_OBJC_MSGSEND = YES;
				GCC_C_LANGUAGE_STANDARD = gnu99;
				GCC_NO_COMMON_BLOCKS = YES;
				GCC_WARN_64_TO_32_BIT_CONVERSION = YES;
				GCC_WARN_ABOUT_RETURN_TYPE = YES_ERROR;
				GCC_WARN_UNDECLARED_SELECTOR = YES;
				GCC_WARN_UNINITIALIZED_AUTOS = YES_AGGRESSIVE;
				GCC_WARN_UNUSED_FUNCTION = YES;
				GCC_WARN_UNUSED_VARIABLE = YES;
				IPHONEOS_DEPLOYMENT_TARGET = 11.0;
				MTL_ENABLE_DEBUG_INFO = NO;
				SDKROOT = iphoneos;
				SWIFT_OPTIMIZATION_LEVEL = "-Owholemodule";
				VALIDATE_PRODUCT = YES;
			};
			name = Release;
		};
		607FACF01AFB9204008FA782 /* Debug */ = {
			isa = XCBuildConfiguration;
			baseConfigurationReference = 826E988E9955376AF73546EC /* Pods-RadialGauge_Example.debug.xcconfig */;
			buildSettings = {
				ASSETCATALOG_COMPILER_APPICON_NAME = AppIcon;
				INFOPLIST_FILE = RadialGauge/Info.plist;
				IPHONEOS_DEPLOYMENT_TARGET = 11.0;
				LD_RUNPATH_SEARCH_PATHS = "$(inherited) @executable_path/Frameworks";
				MODULE_NAME = ExampleApp;
				PRODUCT_BUNDLE_IDENTIFIER = "org.cocoapods.demo.$(PRODUCT_NAME:rfc1034identifier)";
				PRODUCT_NAME = "$(TARGET_NAME)";
				SWIFT_SWIFT3_OBJC_INFERENCE = Default;
				SWIFT_VERSION = 5.0;
			};
			name = Debug;
		};
		607FACF11AFB9204008FA782 /* Release */ = {
			isa = XCBuildConfiguration;
			baseConfigurationReference = 563AF42EAAC963FA9983DFD6 /* Pods-RadialGauge_Example.release.xcconfig */;
			buildSettings = {
				ASSETCATALOG_COMPILER_APPICON_NAME = AppIcon;
				INFOPLIST_FILE = RadialGauge/Info.plist;
				IPHONEOS_DEPLOYMENT_TARGET = 11.0;
				LD_RUNPATH_SEARCH_PATHS = "$(inherited) @executable_path/Frameworks";
				MODULE_NAME = ExampleApp;
				PRODUCT_BUNDLE_IDENTIFIER = "org.cocoapods.demo.$(PRODUCT_NAME:rfc1034identifier)";
				PRODUCT_NAME = "$(TARGET_NAME)";
				SWIFT_SWIFT3_OBJC_INFERENCE = Default;
				SWIFT_VERSION = 5.0;
			};
			name = Release;
		};
		607FACF31AFB9204008FA782 /* Debug */ = {
			isa = XCBuildConfiguration;
			baseConfigurationReference = 2727F469184F262757FDFF82 /* Pods-RadialGauge_Tests.debug.xcconfig */;
			buildSettings = {
				FRAMEWORK_SEARCH_PATHS = (
					"$(PLATFORM_DIR)/Developer/Library/Frameworks",
					"$(inherited)",
				);
				GCC_PREPROCESSOR_DEFINITIONS = (
					"DEBUG=1",
					"$(inherited)",
				);
				INFOPLIST_FILE = Tests/Info.plist;
				LD_RUNPATH_SEARCH_PATHS = "$(inherited) @executable_path/Frameworks @loader_path/Frameworks";
				PRODUCT_BUNDLE_IDENTIFIER = "org.cocoapods.$(PRODUCT_NAME:rfc1034identifier)";
				PRODUCT_NAME = "$(TARGET_NAME)";
				SWIFT_SWIFT3_OBJC_INFERENCE = Default;
				SWIFT_VERSION = 4.0;
				TEST_HOST = "$(BUILT_PRODUCTS_DIR)/RadialGauge_Example.app/RadialGauge_Example";
			};
			name = Debug;
		};
		607FACF41AFB9204008FA782 /* Release */ = {
			isa = XCBuildConfiguration;
			baseConfigurationReference = 7AC020031D10B6D8766B753F /* Pods-RadialGauge_Tests.release.xcconfig */;
			buildSettings = {
				FRAMEWORK_SEARCH_PATHS = (
					"$(PLATFORM_DIR)/Developer/Library/Frameworks",
					"$(inherited)",
				);
				INFOPLIST_FILE = Tests/Info.plist;
				LD_RUNPATH_SEARCH_PATHS = "$(inherited) @executable_path/Frameworks @loader_path/Frameworks";
				PRODUCT_BUNDLE_IDENTIFIER = "org.cocoapods.$(PRODUCT_NAME:rfc1034identifier)";
				PRODUCT_NAME = "$(TARGET_NAME)";
				SWIFT_SWIFT3_OBJC_INFERENCE = Default;
				SWIFT_VERSION = 4.0;
				TEST_HOST = "$(BUILT_PRODUCTS_DIR)/RadialGauge_Example.app/RadialGauge_Example";
			};
			name = Release;
		};
/* End XCBuildConfiguration section */

/* Begin XCConfigurationList section */
		607FACCB1AFB9204008FA782 /* Build configuration list for PBXProject "RadialGauge" */ = {
			isa = XCConfigurationList;
			buildConfigurations = (
				607FACED1AFB9204008FA782 /* Debug */,
				607FACEE1AFB9204008FA782 /* Release */,
			);
			defaultConfigurationIsVisible = 0;
			defaultConfigurationName = Release;
		};
		607FACEF1AFB9204008FA782 /* Build configuration list for PBXNativeTarget "RadialGauge_Example" */ = {
			isa = XCConfigurationList;
			buildConfigurations = (
				607FACF01AFB9204008FA782 /* Debug */,
				607FACF11AFB9204008FA782 /* Release */,
			);
			defaultConfigurationIsVisible = 0;
			defaultConfigurationName = Release;
		};
		607FACF21AFB9204008FA782 /* Build configuration list for PBXNativeTarget "RadialGauge_Tests" */ = {
			isa = XCConfigurationList;
			buildConfigurations = (
				607FACF31AFB9204008FA782 /* Debug */,
				607FACF41AFB9204008FA782 /* Release */,
			);
			defaultConfigurationIsVisible = 0;
			defaultConfigurationName = Release;
		};
/* End XCConfigurationList section */
	};
	rootObject = 607FACC81AFB9204008FA782 /* Project object */;
}
